
Microsoft Visual Studio Solution File, Format Version 12.00
Project("{FAE04EC0-301F-11D3-BF4B-00C04F79EFBC}") = "TemplateApp", "TemplateApp\TemplateApp.csproj", "{D5215411-6FDC-4A28-9EA1-09F8816D7026}"
EndProject
Global
	GlobalSection(SolutionConfigurationPlatforms) = preSolution
		Debug|Any CPU = Debug|Any CPU
		Release|Any CPU = Release|Any CPU
	EndGlobalSection
	GlobalSection(ProjectConfigurationPlatforms) = postSolution
		{D5215411-6FDC-4A28-9EA1-09F8816D7026}.Debug|Any CPU.ActiveCfg = Debug|Any CPU
		{D5215411-6FDC-4A28-9EA1-09F8816D7026}.Debug|Any CPU.Build.0 = Debug|Any CPU
		{D5215411-6FDC-4A28-9EA1-09F8816D7026}.Release|Any CPU.ActiveCfg = Release|Any CPU
		{D5215411-6FDC-4A28-9EA1-09F8816D7026}.Release|Any CPU.Build.0 = Release|Any CPU
	EndGlobalSection
EndGlobal
